// !$*UTF8*$!
{
	archiveVersion = 1;
	classes = {
	};
	objectVersion = 46;
	objects = {

/* Begin PBXBuildFile section */
		0DAC600C1B11501C0082917F /* AudioToolbox.framework in Frameworks */ = {isa = PBXBuildFile; fileRef = 0DAC600B1B11501C0082917F /* AudioToolbox.framework */; };
		0DAC600E1B11502B0082917F /* CFNetwork.framework in Frameworks */ = {isa = PBXBuildFile; fileRef = 0DAC600D1B11502B0082917F /* CFNetwork.framework */; };
		0DAC60101B1150390082917F /* CoreGraphics.framework in Frameworks */ = {isa = PBXBuildFile; fileRef = 0DAC600F1B1150390082917F /* CoreGraphics.framework */; };
		0DAC60121B1150460082917F /* CoreLocation.framework in Frameworks */ = {isa = PBXBuildFile; fileRef = 0DAC60111B1150460082917F /* CoreLocation.framework */; };
		0DAC60141B1150530082917F /* MobileCoreServices.framework in Frameworks */ = {isa = PBXBuildFile; fileRef = 0DAC60131B1150530082917F /* MobileCoreServices.framework */; };
		0DAC60161B1150620082917F /* QuartzCore.framework in Frameworks */ = {isa = PBXBuildFile; fileRef = 0DAC60151B1150620082917F /* QuartzCore.framework */; };
		0DAC60181B1150720082917F /* Security.framework in Frameworks */ = {isa = PBXBuildFile; fileRef = 0DAC60171B1150720082917F /* Security.framework */; };
		0DAC601A1B11507C0082917F /* StoreKit.framework in Frameworks */ = {isa = PBXBuildFile; fileRef = 0DAC60191B11507C0082917F /* StoreKit.framework */; };
		0DAC601C1B1150890082917F /* SystemConfiguration.framework in Frameworks */ = {isa = PBXBuildFile; fileRef = 0DAC601B1B1150890082917F /* SystemConfiguration.framework */; };
		0DAC601E1B11509F0082917F /* libz.dylib in Frameworks */ = {isa = PBXBuildFile; fileRef = 0DAC601D1B11509F0082917F /* libz.dylib */; };
		0DAC60201B1150B80082917F /* libsqlite3.dylib in Frameworks */ = {isa = PBXBuildFile; fileRef = 0DAC601F1B1150B80082917F /* libsqlite3.dylib */; };
		0DAC60221B1150CA0082917F /* Accounts.framework in Frameworks */ = {isa = PBXBuildFile; fileRef = 0DAC60211B1150CA0082917F /* Accounts.framework */; };
		0DAC60241B1150CF0082917F /* Social.framework in Frameworks */ = {isa = PBXBuildFile; fileRef = 0DAC60231B1150CF0082917F /* Social.framework */; };
		0DB163C31B12FE4600741794 /* Bolts.framework in Frameworks */ = {isa = PBXBuildFile; fileRef = 0DB163C01B12FE4600741794 /* Bolts.framework */; };
		0DB163C41B12FE4600741794 /* Parse.framework in Frameworks */ = {isa = PBXBuildFile; fileRef = 0DB163C11B12FE4600741794 /* Parse.framework */; };
		0DB163C51B12FE4600741794 /* ParseUI.framework in Frameworks */ = {isa = PBXBuildFile; fileRef = 0DB163C21B12FE4600741794 /* ParseUI.framework */; };
		0DC215681B10617500A874DD /* AppDelegate.swift in Sources */ = {isa = PBXBuildFile; fileRef = 0DC215671B10617500A874DD /* AppDelegate.swift */; };
		0DC2156F1B10617500A874DD /* Main.storyboard in Resources */ = {isa = PBXBuildFile; fileRef = 0DC2156D1B10617500A874DD /* Main.storyboard */; };
		0DC215711B10617500A874DD /* Images.xcassets in Resources */ = {isa = PBXBuildFile; fileRef = 0DC215701B10617500A874DD /* Images.xcassets */; };
		0DC215741B10617500A874DD /* LaunchScreen.xib in Resources */ = {isa = PBXBuildFile; fileRef = 0DC215721B10617500A874DD /* LaunchScreen.xib */; };
		0DC215801B10617500A874DD /* HelpMe_Tests.swift in Sources */ = {isa = PBXBuildFile; fileRef = 0DC2157F1B10617500A874DD /* HelpMe_Tests.swift */; };
		0DC3F7801B12ABE8002C114D /* ViewController.swift in Sources */ = {isa = PBXBuildFile; fileRef = 0DC3F77F1B12ABE8002C114D /* ViewController.swift */; };
/* End PBXBuildFile section */

/* Begin PBXContainerItemProxy section */
		0DC2157A1B10617500A874DD /* PBXContainerItemProxy */ = {
			isa = PBXContainerItemProxy;
			containerPortal = 0DC2155A1B10617500A874DD /* Project object */;
			proxyType = 1;
			remoteGlobalIDString = 0DC215611B10617500A874DD;
			remoteInfo = "HelpMe!";
		};
/* End PBXContainerItemProxy section */

/* Begin PBXFileReference section */
		0DAC600B1B11501C0082917F /* AudioToolbox.framework */ = {isa = PBXFileReference; lastKnownFileType = wrapper.framework; name = AudioToolbox.framework; path = System/Library/Frameworks/AudioToolbox.framework; sourceTree = SDKROOT; };
		0DAC600D1B11502B0082917F /* CFNetwork.framework */ = {isa = PBXFileReference; lastKnownFileType = wrapper.framework; name = CFNetwork.framework; path = System/Library/Frameworks/CFNetwork.framework; sourceTree = SDKROOT; };
		0DAC600F1B1150390082917F /* CoreGraphics.framework */ = {isa = PBXFileReference; lastKnownFileType = wrapper.framework; name = CoreGraphics.framework; path = System/Library/Frameworks/CoreGraphics.framework; sourceTree = SDKROOT; };
		0DAC60111B1150460082917F /* CoreLocation.framework */ = {isa = PBXFileReference; lastKnownFileType = wrapper.framework; name = CoreLocation.framework; path = System/Library/Frameworks/CoreLocation.framework; sourceTree = SDKROOT; };
		0DAC60131B1150530082917F /* MobileCoreServices.framework */ = {isa = PBXFileReference; lastKnownFileType = wrapper.framework; name = MobileCoreServices.framework; path = System/Library/Frameworks/MobileCoreServices.framework; sourceTree = SDKROOT; };
		0DAC60151B1150620082917F /* QuartzCore.framework */ = {isa = PBXFileReference; lastKnownFileType = wrapper.framework; name = QuartzCore.framework; path = System/Library/Frameworks/QuartzCore.framework; sourceTree = SDKROOT; };
		0DAC60171B1150720082917F /* Security.framework */ = {isa = PBXFileReference; lastKnownFileType = wrapper.framework; name = Security.framework; path = System/Library/Frameworks/Security.framework; sourceTree = SDKROOT; };
		0DAC60191B11507C0082917F /* StoreKit.framework */ = {isa = PBXFileReference; lastKnownFileType = wrapper.framework; name = StoreKit.framework; path = System/Library/Frameworks/StoreKit.framework; sourceTree = SDKROOT; };
		0DAC601B1B1150890082917F /* SystemConfiguration.framework */ = {isa = PBXFileReference; lastKnownFileType = wrapper.framework; name = SystemConfiguration.framework; path = System/Library/Frameworks/SystemConfiguration.framework; sourceTree = SDKROOT; };
		0DAC601D1B11509F0082917F /* libz.dylib */ = {isa = PBXFileReference; lastKnownFileType = "compiled.mach-o.dylib"; name = libz.dylib; path = usr/lib/libz.dylib; sourceTree = SDKROOT; };
		0DAC601F1B1150B80082917F /* libsqlite3.dylib */ = {isa = PBXFileReference; lastKnownFileType = "compiled.mach-o.dylib"; name = libsqlite3.dylib; path = usr/lib/libsqlite3.dylib; sourceTree = SDKROOT; };
		0DAC60211B1150CA0082917F /* Accounts.framework */ = {isa = PBXFileReference; lastKnownFileType = wrapper.framework; name = Accounts.framework; path = System/Library/Frameworks/Accounts.framework; sourceTree = SDKROOT; };
		0DAC60231B1150CF0082917F /* Social.framework */ = {isa = PBXFileReference; lastKnownFileType = wrapper.framework; name = Social.framework; path = System/Library/Frameworks/Social.framework; sourceTree = SDKROOT; };
		0DB163C01B12FE4600741794 /* Bolts.framework */ = {isa = PBXFileReference; lastKnownFileType = wrapper.framework; name = Bolts.framework; path = "../../Downloads/parse-library-1/Bolts.framework"; sourceTree = "<group>"; };
		0DB163C11B12FE4600741794 /* Parse.framework */ = {isa = PBXFileReference; lastKnownFileType = wrapper.framework; name = Parse.framework; path = "../../Downloads/parse-library-1/Parse.framework"; sourceTree = "<group>"; };
		0DB163C21B12FE4600741794 /* ParseUI.framework */ = {isa = PBXFileReference; lastKnownFileType = wrapper.framework; name = ParseUI.framework; path = "../../Downloads/parse-library-1/ParseUI.framework"; sourceTree = "<group>"; };
		0DC215621B10617500A874DD /* HelpMe!.app */ = {isa = PBXFileReference; explicitFileType = wrapper.application; includeInIndex = 0; path = "HelpMe!.app"; sourceTree = BUILT_PRODUCTS_DIR; };
		0DC215661B10617500A874DD /* Info.plist */ = {isa = PBXFileReference; lastKnownFileType = text.plist.xml; path = Info.plist; sourceTree = "<group>"; };
		0DC215671B10617500A874DD /* AppDelegate.swift */ = {isa = PBXFileReference; lastKnownFileType = sourcecode.swift; path = AppDelegate.swift; sourceTree = "<group>"; };
		0DC2156E1B10617500A874DD /* Base */ = {isa = PBXFileReference; lastKnownFileType = file.storyboard; name = Base; path = Base.lproj/Main.storyboard; sourceTree = "<group>"; };
		0DC215701B10617500A874DD /* Images.xcassets */ = {isa = PBXFileReference; lastKnownFileType = folder.assetcatalog; path = Images.xcassets; sourceTree = "<group>"; };
		0DC215731B10617500A874DD /* Base */ = {isa = PBXFileReference; lastKnownFileType = file.xib; name = Base; path = Base.lproj/LaunchScreen.xib; sourceTree = "<group>"; };
		0DC215791B10617500A874DD /* HelpMe!Tests.xctest */ = {isa = PBXFileReference; explicitFileType = wrapper.cfbundle; includeInIndex = 0; path = "HelpMe!Tests.xctest"; sourceTree = BUILT_PRODUCTS_DIR; };
		0DC2157E1B10617500A874DD /* Info.plist */ = {isa = PBXFileReference; lastKnownFileType = text.plist.xml; path = Info.plist; sourceTree = "<group>"; };
		0DC2157F1B10617500A874DD /* HelpMe_Tests.swift */ = {isa = PBXFileReference; lastKnownFileType = sourcecode.swift; path = HelpMe_Tests.swift; sourceTree = "<group>"; };
		0DC3F77F1B12ABE8002C114D /* ViewController.swift */ = {isa = PBXFileReference; fileEncoding = 4; lastKnownFileType = sourcecode.swift; name = ViewController.swift; path = ../ViewController.swift; sourceTree = "<group>"; };
/* End PBXFileReference section */

/* Begin PBXFrameworksBuildPhase section */
		0DC2155F1B10617500A874DD /* Frameworks */ = {
			isa = PBXFrameworksBuildPhase;
			buildActionMask = 2147483647;
			files = (
				0DAC60241B1150CF0082917F /* Social.framework in Frameworks */,
				0DAC60221B1150CA0082917F /* Accounts.framework in Frameworks */,
				0DAC60201B1150B80082917F /* libsqlite3.dylib in Frameworks */,
				0DAC601E1B11509F0082917F /* libz.dylib in Frameworks */,
				0DAC601C1B1150890082917F /* SystemConfiguration.framework in Frameworks */,
				0DAC601A1B11507C0082917F /* StoreKit.framework in Frameworks */,
				0DAC60181B1150720082917F /* Security.framework in Frameworks */,
				0DAC60161B1150620082917F /* QuartzCore.framework in Frameworks */,
				0DAC60141B1150530082917F /* MobileCoreServices.framework in Frameworks */,
				0DAC60121B1150460082917F /* CoreLocation.framework in Frameworks */,
				0DAC60101B1150390082917F /* CoreGraphics.framework in Frameworks */,
				0DAC600E1B11502B0082917F /* CFNetwork.framework in Frameworks */,
				0DAC600C1B11501C0082917F /* AudioToolbox.framework in Frameworks */,
				0DB163C31B12FE4600741794 /* Bolts.framework in Frameworks */,
				0DB163C41B12FE4600741794 /* Parse.framework in Frameworks */,
				0DB163C51B12FE4600741794 /* ParseUI.framework in Frameworks */,
			);
			runOnlyForDeploymentPostprocessing = 0;
		};
		0DC215761B10617500A874DD /* Frameworks */ = {
			isa = PBXFrameworksBuildPhase;
			buildActionMask = 2147483647;
			files = (
			);
			runOnlyForDeploymentPostprocessing = 0;
		};
/* End PBXFrameworksBuildPhase section */

/* Begin PBXGroup section */
		0DC215591B10617500A874DD = {
			isa = PBXGroup;
			children = (
				0DB163C01B12FE4600741794 /* Bolts.framework */,
				0DB163C11B12FE4600741794 /* Parse.framework */,
				0DB163C21B12FE4600741794 /* ParseUI.framework */,
				0DAC60231B1150CF0082917F /* Social.framework */,
				0DAC60211B1150CA0082917F /* Accounts.framework */,
				0DAC601F1B1150B80082917F /* libsqlite3.dylib */,
				0DAC601D1B11509F0082917F /* libz.dylib */,
				0DAC601B1B1150890082917F /* SystemConfiguration.framework */,
				0DAC60191B11507C0082917F /* StoreKit.framework */,
				0DAC60171B1150720082917F /* Security.framework */,
				0DAC60151B1150620082917F /* QuartzCore.framework */,
				0DAC60131B1150530082917F /* MobileCoreServices.framework */,
				0DAC60111B1150460082917F /* CoreLocation.framework */,
				0DAC600F1B1150390082917F /* CoreGraphics.framework */,
				0DAC600D1B11502B0082917F /* CFNetwork.framework */,
				0DAC600B1B11501C0082917F /* AudioToolbox.framework */,
				0DC215641B10617500A874DD /* HelpMe! */,
				0DC2157C1B10617500A874DD /* HelpMe!Tests */,
				0DC215631B10617500A874DD /* Products */,
			);
			sourceTree = "<group>";
		};
		0DC215631B10617500A874DD /* Products */ = {
			isa = PBXGroup;
			children = (
				0DC215621B10617500A874DD /* HelpMe!.app */,
				0DC215791B10617500A874DD /* HelpMe!Tests.xctest */,
			);
			name = Products;
			sourceTree = "<group>";
		};
		0DC215641B10617500A874DD /* HelpMe! */ = {
			isa = PBXGroup;
			children = (
				0DC215671B10617500A874DD /* AppDelegate.swift */,
				0DC3F77F1B12ABE8002C114D /* ViewController.swift */,
				0DC2156D1B10617500A874DD /* Main.storyboard */,
				0DC215701B10617500A874DD /* Images.xcassets */,
				0DC215721B10617500A874DD /* LaunchScreen.xib */,
				0DC215651B10617500A874DD /* Supporting Files */,
			);
			path = "HelpMe!";
			sourceTree = "<group>";
		};
		0DC215651B10617500A874DD /* Supporting Files */ = {
			isa = PBXGroup;
			children = (
				0DC215661B10617500A874DD /* Info.plist */,
			);
			name = "Supporting Files";
			sourceTree = "<group>";
		};
		0DC2157C1B10617500A874DD /* HelpMe!Tests */ = {
			isa = PBXGroup;
			children = (
				0DC2157F1B10617500A874DD /* HelpMe_Tests.swift */,
				0DC2157D1B10617500A874DD /* Supporting Files */,
			);
			path = "HelpMe!Tests";
			sourceTree = "<group>";
		};
		0DC2157D1B10617500A874DD /* Supporting Files */ = {
			isa = PBXGroup;
			children = (
				0DC2157E1B10617500A874DD /* Info.plist */,
			);
			name = "Supporting Files";
			sourceTree = "<group>";
		};
/* End PBXGroup section */

/* Begin PBXNativeTarget section */
		0DC215611B10617500A874DD /* HelpMe! */ = {
			isa = PBXNativeTarget;
			buildConfigurationList = 0DC215831B10617500A874DD /* Build configuration list for PBXNativeTarget "HelpMe!" */;
			buildPhases = (
				0DC2155E1B10617500A874DD /* Sources */,
				0DC2155F1B10617500A874DD /* Frameworks */,
				0DC215601B10617500A874DD /* Resources */,
			);
			buildRules = (
			);
			dependencies = (
			);
			name = "HelpMe!";
			productName = "HelpMe!";
			productReference = 0DC215621B10617500A874DD /* HelpMe!.app */;
			productType = "com.apple.product-type.application";
		};
		0DC215781B10617500A874DD /* HelpMe!Tests */ = {
			isa = PBXNativeTarget;
			buildConfigurationList = 0DC215861B10617500A874DD /* Build configuration list for PBXNativeTarget "HelpMe!Tests" */;
			buildPhases = (
				0DC215751B10617500A874DD /* Sources */,
				0DC215761B10617500A874DD /* Frameworks */,
				0DC215771B10617500A874DD /* Resources */,
			);
			buildRules = (
			);
			dependencies = (
				0DC2157B1B10617500A874DD /* PBXTargetDependency */,
			);
			name = "HelpMe!Tests";
			productName = "HelpMe!Tests";
			productReference = 0DC215791B10617500A874DD /* HelpMe!Tests.xctest */;
			productType = "com.apple.product-type.bundle.unit-test";
		};
/* End PBXNativeTarget section */

/* Begin PBXProject section */
		0DC2155A1B10617500A874DD /* Project object */ = {
			isa = PBXProject;
			attributes = {
				LastUpgradeCheck = 0630;
				ORGANIZATIONNAME = "David Gilman";
				TargetAttributes = {
					0DC215611B10617500A874DD = {
						CreatedOnToolsVersion = 6.3.2;
					};
					0DC215781B10617500A874DD = {
						CreatedOnToolsVersion = 6.3.2;
						TestTargetID = 0DC215611B10617500A874DD;
					};
				};
			};
			buildConfigurationList = 0DC2155D1B10617500A874DD /* Build configuration list for PBXProject "HelpMe!" */;
			compatibilityVersion = "Xcode 3.2";
			developmentRegion = English;
			hasScannedForEncodings = 0;
			knownRegions = (
				en,
				Base,
			);
			mainGroup = 0DC215591B10617500A874DD;
			productRefGroup = 0DC215631B10617500A874DD /* Products */;
			projectDirPath = "";
			projectRoot = "";
			targets = (
				0DC215611B10617500A874DD /* HelpMe! */,
				0DC215781B10617500A874DD /* HelpMe!Tests */,
			);
		};
/* End PBXProject section */

/* Begin PBXResourcesBuildPhase section */
		0DC215601B10617500A874DD /* Resources */ = {
			isa = PBXResourcesBuildPhase;
			buildActionMask = 2147483647;
			files = (
				0DC2156F1B10617500A874DD /* Main.storyboard in Resources */,
				0DC215741B10617500A874DD /* LaunchScreen.xib in Resources */,
				0DC215711B10617500A874DD /* Images.xcassets in Resources */,
			);
			runOnlyForDeploymentPostprocessing = 0;
		};
		0DC215771B10617500A874DD /* Resources */ = {
			isa = PBXResourcesBuildPhase;
			buildActionMask = 2147483647;
			files = (
			);
			runOnlyForDeploymentPostprocessing = 0;
		};
/* End PBXResourcesBuildPhase section */

/* Begin PBXSourcesBuildPhase section */
		0DC2155E1B10617500A874DD /* Sources */ = {
			isa = PBXSourcesBuildPhase;
			buildActionMask = 2147483647;
			files = (
				0DC215681B10617500A874DD /* AppDelegate.swift in Sources */,
				0DC3F7801B12ABE8002C114D /* ViewController.swift in Sources */,
			);
			runOnlyForDeploymentPostprocessing = 0;
		};
		0DC215751B10617500A874DD /* Sources */ = {
			isa = PBXSourcesBuildPhase;
			buildActionMask = 2147483647;
			files = (
				0DC215801B10617500A874DD /* HelpMe_Tests.swift in Sources */,
			);
			runOnlyForDeploymentPostprocessing = 0;
		};
/* End PBXSourcesBuildPhase section */

/* Begin PBXTargetDependency section */
		0DC2157B1B10617500A874DD /* PBXTargetDependency */ = {
			isa = PBXTargetDependency;
			target = 0DC215611B10617500A874DD /* HelpMe! */;
			targetProxy = 0DC2157A1B10617500A874DD /* PBXContainerItemProxy */;
		};
/* End PBXTargetDependency section */

/* Begin PBXVariantGroup section */
		0DC2156D1B10617500A874DD /* Main.storyboard */ = {
			isa = PBXVariantGroup;
			children = (
				0DC2156E1B10617500A874DD /* Base */,
			);
			name = Main.storyboard;
			sourceTree = "<group>";
		};
		0DC215721B10617500A874DD /* LaunchScreen.xib */ = {
			isa = PBXVariantGroup;
			children = (
				0DC215731B10617500A874DD /* Base */,
			);
			name = LaunchScreen.xib;
			sourceTree = "<group>";
		};
/* End PBXVariantGroup section */

/* Begin XCBuildConfiguration section */
		0DC215811B10617500A874DD /* Debug */ = {
			isa = XCBuildConfiguration;
			buildSettings = {
				ALWAYS_SEARCH_USER_PATHS = NO;
				CLANG_CXX_LANGUAGE_STANDARD = "gnu++0x";
				CLANG_CXX_LIBRARY = "libc++";
				CLANG_ENABLE_MODULES = YES;
				CLANG_ENABLE_OBJC_ARC = YES;
				CLANG_WARN_BOOL_CONVERSION = YES;
				CLANG_WARN_CONSTANT_CONVERSION = YES;
				CLANG_WARN_DIRECT_OBJC_ISA_USAGE = YES_ERROR;
				CLANG_WARN_EMPTY_BODY = YES;
				CLANG_WARN_ENUM_CONVERSION = YES;
				CLANG_WARN_INT_CONVERSION = YES;
				CLANG_WARN_OBJC_ROOT_CLASS = YES_ERROR;
				CLANG_WARN_UNREACHABLE_CODE = YES;
				CLANG_WARN__DUPLICATE_METHOD_MATCH = YES;
				"CODE_SIGN_IDENTITY[sdk=iphoneos*]" = "iPhone Developer";
				COPY_PHASE_STRIP = NO;
				DEBUG_INFORMATION_FORMAT = "dwarf-with-dsym";
				ENABLE_STRICT_OBJC_MSGSEND = YES;
				GCC_C_LANGUAGE_STANDARD = gnu99;
				GCC_DYNAMIC_NO_PIC = NO;
				GCC_NO_COMMON_BLOCKS = YES;
				GCC_OPTIMIZATION_LEVEL = 0;
				GCC_PREPROCESSOR_DEFINITIONS = (
					"DEBUG=1",
					"$(inherited)",
				);
				GCC_SYMBOLS_PRIVATE_EXTERN = NO;
				GCC_WARN_64_TO_32_BIT_CONVERSION = YES;
				GCC_WARN_ABOUT_RETURN_TYPE = YES_ERROR;
				GCC_WARN_UNDECLARED_SELECTOR = YES;
				GCC_WARN_UNINITIALIZED_AUTOS = YES_AGGRESSIVE;
				GCC_WARN_UNUSED_FUNCTION = YES;
				GCC_WARN_UNUSED_VARIABLE = YES;
				IPHONEOS_DEPLOYMENT_TARGET = 8.3;
				MTL_ENABLE_DEBUG_INFO = YES;
				ONLY_ACTIVE_ARCH = YES;
				SDKROOT = iphoneos;
				SWIFT_OPTIMIZATION_LEVEL = "-Onone";
			};
			name = Debug;
		};
		0DC215821B10617500A874DD /* Release */ = {
			isa = XCBuildConfiguration;
			buildSettings = {
				ALWAYS_SEARCH_USER_PATHS = NO;
				CLANG_CXX_LANGUAGE_STANDARD = "gnu++0x";
				CLANG_CXX_LIBRARY = "libc++";
				CLANG_ENABLE_MODULES = YES;
				CLANG_ENABLE_OBJC_ARC = YES;
				CLANG_WARN_BOOL_CONVERSION = YES;
				CLANG_WARN_CONSTANT_CONVERSION = YES;
				CLANG_WARN_DIRECT_OBJC_ISA_USAGE = YES_ERROR;
				CLANG_WARN_EMPTY_BODY = YES;
				CLANG_WARN_ENUM_CONVERSION = YES;
				CLANG_WARN_INT_CONVERSION = YES;
				CLANG_WARN_OBJC_ROOT_CLASS = YES_ERROR;
				CLANG_WARN_UNREACHABLE_CODE = YES;
				CLANG_WARN__DUPLICATE_METHOD_MATCH = YES;
				"CODE_SIGN_IDENTITY[sdk=iphoneos*]" = "iPhone Developer";
				COPY_PHASE_STRIP = NO;
				DEBUG_INFORMATION_FORMAT = "dwarf-with-dsym";
				ENABLE_NS_ASSERTIONS = NO;
				ENABLE_STRICT_OBJC_MSGSEND = YES;
				GCC_C_LANGUAGE_STANDARD = gnu99;
				GCC_NO_COMMON_BLOCKS = YES;
				GCC_WARN_64_TO_32_BIT_CONVERSION = YES;
				GCC_WARN_ABOUT_RETURN_TYPE = YES_ERROR;
				GCC_WARN_UNDECLARED_SELECTOR = YES;
				GCC_WARN_UNINITIALIZED_AUTOS = YES_AGGRESSIVE;
				GCC_WARN_UNUSED_FUNCTION = YES;
				GCC_WARN_UNUSED_VARIABLE = YES;
				IPHONEOS_DEPLOYMENT_TARGET = 8.3;
				MTL_ENABLE_DEBUG_INFO = NO;
				SDKROOT = iphoneos;
				VALIDATE_PRODUCT = YES;
			};
			name = Release;
		};
		0DC215841B10617500A874DD /* Debug */ = {
			isa = XCBuildConfiguration;
			buildSettings = {
				ASSETCATALOG_COMPILER_APPICON_NAME = AppIcon;
				FRAMEWORK_SEARCH_PATHS = (
					"$(inherited)",
					"/Users/davidgilman/Downloads/parse-library-1",
					/Users/davidgilman/Documents/Parse,
					Library,
					/Users/davidgilman/Documents/Parse,
					Library,
					/Users/davidgilman/Documents/Parse,
					Library,
				);
				INFOPLIST_FILE = "HelpMe!/Info.plist";
				LD_RUNPATH_SEARCH_PATHS = "$(inherited) @executable_path/Frameworks";
				PRODUCT_NAME = "$(TARGET_NAME)";
			};
			name = Debug;
		};
		0DC215851B10617500A874DD /* Release */ = {
			isa = XCBuildConfiguration;
			buildSettings = {
				ASSETCATALOG_COMPILER_APPICON_NAME = AppIcon;
				FRAMEWORK_SEARCH_PATHS = (
					"$(inherited)",
					"/Users/davidgilman/Downloads/parse-library-1",
					/Users/davidgilman/Documents/Parse,
					Library,
					/Users/davidgilman/Documents/Parse,
					Library,
					/Users/davidgilman/Documents/Parse,
					Library,
				);
				INFOPLIST_FILE = "HelpMe!/Info.plist";
				LD_RUNPATH_SEARCH_PATHS = "$(inherited) @executable_path/Frameworks";
				PRODUCT_NAME = "$(TARGET_NAME)";
			};
			name = Release;
		};
		0DC215871B10617500A874DD /* Debug */ = {
			isa = XCBuildConfiguration;
			buildSettings = {
				BUNDLE_LOADER = "$(TEST_HOST)";
				FRAMEWORK_SEARCH_PATHS = (
					"$(SDKROOT)/Developer/Library/Frameworks",
					"$(inherited)",
				);
				GCC_PREPROCESSOR_DEFINITIONS = (
					"DEBUG=1",
					"$(inherited)",
				);
				INFOPLIST_FILE = "HelpMe!Tests/Info.plist";
				LD_RUNPATH_SEARCH_PATHS = "$(inherited) @executable_path/Frameworks @loader_path/Frameworks";
				PRODUCT_NAME = "$(TARGET_NAME)";
				TEST_HOST = "$(BUILT_PRODUCTS_DIR)/HelpMe!.app/HelpMe!";
			};
			name = Debug;
		};
		0DC215881B10617500A874DD /* Release */ = {
			isa = XCBuildConfiguration;
			buildSettings = {
				BUNDLE_LOADER = "$(TEST_HOST)";
				FRAMEWORK_SEARCH_PATHS = (
					"$(SDKROOT)/Developer/Library/Frameworks",
					"$(inherited)",
				);
				INFOPLIST_FILE = "HelpMe!Tests/Info.plist";
				LD_RUNPATH_SEARCH_PATHS = "$(inherited) @executable_path/Frameworks @loader_path/Frameworks";
				PRODUCT_NAME = "$(TARGET_NAME)";
				TEST_HOST = "$(BUILT_PRODUCTS_DIR)/HelpMe!.app/HelpMe!";
			};
			name = Release;
		};
/* End XCBuildConfiguration section */

/* Begin XCConfigurationList section */
		0DC2155D1B10617500A874DD /* Build configuration list for PBXProject "HelpMe!" */ = {
			isa = XCConfigurationList;
			buildConfigurations = (
				0DC215811B10617500A874DD /* Debug */,
				0DC215821B10617500A874DD /* Release */,
			);
			defaultConfigurationIsVisible = 0;
			defaultConfigurationName = Release;
		};
		0DC215831B10617500A874DD /* Build configuration list for PBXNativeTarget "HelpMe!" */ = {
			isa = XCConfigurationList;
			buildConfigurations = (
				0DC215841B10617500A874DD /* Debug */,
				0DC215851B10617500A874DD /* Release */,
			);
			defaultConfigurationIsVisible = 0;
			defaultConfigurationName = Release;
		};
		0DC215861B10617500A874DD /* Build configuration list for PBXNativeTarget "HelpMe!Tests" */ = {
			isa = XCConfigurationList;
			buildConfigurations = (
				0DC215871B10617500A874DD /* Debug */,
				0DC215881B10617500A874DD /* Release */,
			);
			defaultConfigurationIsVisible = 0;
			defaultConfigurationName = Release;
		};
/* End XCConfigurationList section */
	};
	rootObject = 0DC2155A1B10617500A874DD /* Project object */;
}
